Microsoft Visual Studio Solution File, Format Version 12.00
# Visual Studio Version 17
VisualStudioVersion = 17.5.2.0
MinimumVisualStudioVersion = 10.0.40219.1
Project("{FAE04EC0-301F-11D3-BF4B-00C04F79EFBC}") = "PlaidMCP", "PlaidMCP.csproj", "{922B1EC6-0DA2-582A-5270-2ADAC95ADDC1}"
EndProject
Global
	GlobalSection(SolutionConfigurationPlatforms) = preSolution
		Debug|Any CPU = Debug|Any CPU
		Release|Any CPU = Release|Any CPU
	EndGlobalSection
	GlobalSection(ProjectConfigurationPlatforms) = postSolution
		{922B1EC6-0DA2-582A-5270-2ADAC95ADDC1}.Debug|Any CPU.ActiveCfg = Debug|Any CPU
		{922B1EC6-0DA2-582A-5270-2ADAC95ADDC1}.Debug|Any CPU.Build.0 = Debug|Any CPU
		{922B1EC6-0DA2-582A-5270-2ADAC95ADDC1}.Release|Any CPU.ActiveCfg = Release|Any CPU
		{922B1EC6-0DA2-582A-5270-2ADAC95ADDC1}.Release|Any CPU.Build.0 = Release|Any CPU
	EndGlobalSection
	GlobalSection(SolutionProperties) = preSolution
		HideSolutionNode = FALSE
	EndGlobalSection
	GlobalSection(ExtensibilityGlobals) = postSolution
		SolutionGuid = {2FC68D64-FE84-49EF-A7F4-A523BC2FC18A}
	EndGlobalSection
EndGlobal
